
Microsoft Visual Studio Solution File, Format Version 12.00
# Visual Studio 15
VisualStudioVersion = 15.0.28307.539
MinimumVisualStudioVersion = 10.0.40219.1
Project("{FAE04EC0-301F-11D3-BF4B-00C04F79EFBC}") = "MyFirstXamarin.Android", "MyFirstXamarin\MyFirstXamarin.Android\MyFirstXamarin.Android.csproj", "{A11A482E-8B8E-41B1-8A3B-5F3A68584AF5}"
EndProject
Project("{FAE04EC0-301F-11D3-BF4B-00C04F79EFBC}") = "MyFirstXamarin.iOS", "MyFirstXamarin\MyFirstXamarin.iOS\MyFirstXamarin.iOS.csproj", "{51AAB6E0-76DB-4680-A599-61A6DC0DF927}"
EndProject
Project("{FAE04EC0-301F-11D3-BF4B-00C04F79EFBC}") = "MyFirstXamarin", "MyFirstXamarin\MyFirstXamarin\MyFirstXamarin.csproj", "{F7D8A615-1033-42FA-A7F2-32B958F9DD86}"
EndProject
Global
	GlobalSection(SolutionConfigurationPlatforms) = preSolution
		Ad-Hoc|Any CPU = Ad-Hoc|Any CPU
		Ad-Hoc|iPhone = Ad-Hoc|iPhone
		Ad-Hoc|iPhoneSimulator = Ad-Hoc|iPhoneSimulator
		AppStore|Any CPU = AppStore|Any CPU
		AppStore|iPhone = AppStore|iPhone
		AppStore|iPhoneSimulator = AppStore|iPhoneSimulator
		Debug|Any CPU = Debug|Any CPU
		Debug|iPhone = Debug|iPhone
		Debug|iPhoneSimulator = Debug|iPhoneSimulator
		Release|Any CPU = Release|Any CPU
		Release|iPhone = Release|iPhone
		Release|iPhoneSimulator = Release|iPhoneSimulator
	EndGlobalSection
	GlobalSection(ProjectConfigurationPlatforms) = postSolution
		{A11A482E-8B8E-41B1-8A3B-5F3A68584AF5}.Ad-Hoc|Any CPU.ActiveCfg = Release|Any CPU
		{A11A482E-8B8E-41B1-8A3B-5F3A68584AF5}.Ad-Hoc|Any CPU.Build.0 = Release|Any CPU
		{A11A482E-8B8E-41B1-8A3B-5F3A68584AF5}.Ad-Hoc|Any CPU.Deploy.0 = Release|Any CPU
		{A11A482E-8B8E-41B1-8A3B-5F3A68584AF5}.Ad-Hoc|iPhone.ActiveCfg = Release|Any CPU
		{A11A482E-8B8E-41B1-8A3B-5F3A68584AF5}.Ad-Hoc|iPhone.Build.0 = Release|Any CPU
		{A11A482E-8B8E-41B1-8A3B-5F3A68584AF5}.Ad-Hoc|iPhone.Deploy.0 = Release|Any CPU
		{A11A482E-8B8E-41B1-8A3B-5F3A68584AF5}.Ad-Hoc|iPhoneSimulator.ActiveCfg = Release|Any CPU
		{A11A482E-8B8E-41B1-8A3B-5F3A68584AF5}.Ad-Hoc|iPhoneSimulator.Build.0 = Release|Any CPU
		{A11A482E-8B8E-41B1-8A3B-5F3A68584AF5}.Ad-Hoc|iPhoneSimulator.Deploy.0 = Release|Any CPU
		{A11A482E-8B8E-41B1-8A3B-5F3A68584AF5}.AppStore|Any CPU.ActiveCfg = Release|Any CPU
		{A11A482E-8B8E-41B1-8A3B-5F3A68584AF5}.AppStore|Any CPU.Build.0 = Release|Any CPU
		{A11A482E-8B8E-41B1-8A3B-5F3A68584AF5}.AppStore|Any CPU.Deploy.0 = Release|Any CPU
		{A11A482E-8B8E-41B1-8A3B-5F3A68584AF5}.AppStore|iPhone.ActiveCfg = Release|Any CPU
		{A11A482E-8B8E-41B1-8A3B-5F3A68584AF5}.AppStore|iPhone.Build.0 = Release|Any CPU
		{A11A482E-8B8E-41B1-8A3B-5F3A68584AF5}.AppStore|iPhone.Deploy.0 = Release|Any CPU
		{A11A482E-8B8E-41B1-8A3B-5F3A68584AF5}.AppStore|iPhoneSimulator.ActiveCfg = Release|Any CPU
		{A11A482E-8B8E-41B1-8A3B-5F3A68584AF5}.AppStore|iPhoneSimulator.Build.0 = Release|Any CPU
		{A11A482E-8B8E-41B1-8A3B-5F3A68584AF5}.AppStore|iPhoneSimulator.Deploy.0 = Release|Any CPU
		{A11A482E-8B8E-41B1-8A3B-5F3A68584AF5}.Debug|Any CPU.ActiveCfg = Debug|Any CPU
		{A11A482E-8B8E-41B1-8A3B-5F3A68584AF5}.Debug|Any CPU.Build.0 = Debug|Any CPU
		{A11A482E-8B8E-41B1-8A3B-5F3A68584AF5}.Debug|Any CPU.Deploy.0 = Debug|Any CPU
		{A11A482E-8B8E-41B1-8A3B-5F3A68584AF5}.Debug|iPhone.ActiveCfg = Debug|Any CPU
		{A11A482E-8B8E-41B1-8A3B-5F3A68584AF5}.Debug|iPhone.Build.0 = Debug|Any CPU
		{A11A482E-8B8E-41B1-8A3B-5F3A68584AF5}.Debug|iPhone.Deploy.0 = Debug|Any CPU
		{A11A482E-8B8E-41B1-8A3B-5F3A68584AF5}.Debug|iPhoneSimulator.ActiveCfg = Debug|Any CPU
		{A11A482E-8B8E-41B1-8A3B-5F3A68584AF5}.Debug|iPhoneSimulator.Build.0 = Debug|Any CPU
		{A11A482E-8B8E-41B1-8A3B-5F3A68584AF5}.Debug|iPhoneSimulator.Deploy.0 = Debug|Any CPU
		{A11A482E-8B8E-41B1-8A3B-5F3A68584AF5}.Release|Any CPU.ActiveCfg = Release|Any CPU
		{A11A482E-8B8E-41B1-8A3B-5F3A68584AF5}.Release|Any CPU.Build.0 = Release|Any CPU
		{A11A482E-8B8E-41B1-8A3B-5F3A68584AF5}.Release|Any CPU.Deploy.0 = Release|Any CPU
		{A11A482E-8B8E-41B1-8A3B-5F3A68584AF5}.Release|iPhone.ActiveCfg = Release|Any CPU
		{A11A482E-8B8E-41B1-8A3B-5F3A68584AF5}.Release|iPhone.Build.0 = Release|Any CPU
		{A11A482E-8B8E-41B1-8A3B-5F3A68584AF5}.Release|iPhone.Deploy.0 = Release|Any CPU
		{A11A482E-8B8E-41B1-8A3B-5F3A68584AF5}.Release|iPhoneSimulator.ActiveCfg = Release|Any CPU
		{A11A482E-8B8E-41B1-8A3B-5F3A68584AF5}.Release|iPhoneSimulator.Build.0 = Release|Any CPU
		{A11A482E-8B8E-41B1-8A3B-5F3A68584AF5}.Release|iPhoneSimulator.Deploy.0 = Release|Any CPU
		{51AAB6E0-76DB-4680-A599-61A6DC0DF927}.Ad-Hoc|Any CPU.ActiveCfg = Ad-Hoc|iPhone
		{51AAB6E0-76DB-4680-A599-61A6DC0DF927}.Ad-Hoc|Any CPU.Build.0 = Ad-Hoc|iPhone
		{51AAB6E0-76DB-4680-A599-61A6DC0DF927}.Ad-Hoc|Any CPU.Deploy.0 = Ad-Hoc|iPhone
		{51AAB6E0-76DB-4680-A599-61A6DC0DF927}.Ad-Hoc|iPhone.ActiveCfg = Ad-Hoc|iPhone
		{51AAB6E0-76DB-4680-A599-61A6DC0DF927}.Ad-Hoc|iPhone.Build.0 = Ad-Hoc|iPhone
		{51AAB6E0-76DB-4680-A599-61A6DC0DF927}.Ad-Hoc|iPhone.Deploy.0 = Ad-Hoc|iPhone
		{51AAB6E0-76DB-4680-A599-61A6DC0DF927}.Ad-Hoc|iPhoneSimulator.ActiveCfg = Ad-Hoc|iPhoneSimulator
		{51AAB6E0-76DB-4680-A599-61A6DC0DF927}.Ad-Hoc|iPhoneSimulator.Build.0 = Ad-Hoc|iPhoneSimulator
		{51AAB6E0-76DB-4680-A599-61A6DC0DF927}.Ad-Hoc|iPhoneSimulator.Deploy.0 = Ad-Hoc|iPhoneSimulator
		{51AAB6E0-76DB-4680-A599-61A6DC0DF927}.AppStore|Any CPU.ActiveCfg = AppStore|iPhone
		{51AAB6E0-76DB-4680-A599-61A6DC0DF927}.AppStore|Any CPU.Build.0 = AppStore|iPhone
		{51AAB6E0-76DB-4680-A599-61A6DC0DF927}.AppStore|Any CPU.Deploy.0 = AppStore|iPhone
		{51AAB6E0-76DB-4680-A599-61A6DC0DF927}.AppStore|iPhone.ActiveCfg = AppStore|iPhone
		{51AAB6E0-76DB-4680-A599-61A6DC0DF927}.AppStore|iPhone.Build.0 = AppStore|iPhone
		{51AAB6E0-76DB-4680-A599-61A6DC0DF927}.AppStore|iPhone.Deploy.0 = AppStore|iPhone
		{51AAB6E0-76DB-4680-A599-61A6DC0DF927}.AppStore|iPhoneSimulator.ActiveCfg = AppStore|iPhoneSimulator
		{51AAB6E0-76DB-4680-A599-61A6DC0DF927}.AppStore|iPhoneSimulator.Build.0 = AppStore|iPhoneSimulator
		{51AAB6E0-76DB-4680-A599-61A6DC0DF927}.AppStore|iPhoneSimulator.Deploy.0 = AppStore|iPhoneSimulator
		{51AAB6E0-76DB-4680-A599-61A6DC0DF927}.Debug|Any CPU.ActiveCfg = Debug|iPhoneSimulator
		{51AAB6E0-76DB-4680-A599-61A6DC0DF927}.Debug|Any CPU.Build.0 = Debug|iPhoneSimulator
		{51AAB6E0-76DB-4680-A599-61A6DC0DF927}.Debug|Any CPU.Deploy.0 = Debug|iPhoneSimulator
		{51AAB6E0-76DB-4680-A599-61A6DC0DF927}.Debug|iPhone.ActiveCfg = Debug|iPhone
		{51AAB6E0-76DB-4680-A599-61A6DC0DF927}.Debug|iPhone.Build.0 = Debug|iPhone
		{51AAB6E0-76DB-4680-A599-61A6DC0DF927}.Debug|iPhone.Deploy.0 = Debug|iPhone
		{51AAB6E0-76DB-4680-A599-61A6DC0DF927}.Debug|iPhoneSimulator.ActiveCfg = Debug|iPhoneSimulator
		{51AAB6E0-76DB-4680-A599-61A6DC0DF927}.Debug|iPhoneSimulator.Build.0 = Debug|iPhoneSimulator
		{51AAB6E0-76DB-4680-A599-61A6DC0DF927}.Debug|iPhoneSimulator.Deploy.0 = Debug|iPhoneSimulator
		{51AAB6E0-76DB-4680-A599-61A6DC0DF927}.Release|Any CPU.ActiveCfg = Release|iPhone
		{51AAB6E0-76DB-4680-A599-61A6DC0DF927}.Release|Any CPU.Build.0 = Release|iPhone
		{51AAB6E0-76DB-4680-A599-61A6DC0DF927}.Release|Any CPU.Deploy.0 = Release|iPhone
		{51AAB6E0-76DB-4680-A599-61A6DC0DF927}.Release|iPhone.ActiveCfg = Release|iPhone
		{51AAB6E0-76DB-4680-A599-61A6DC0DF927}.Release|iPhone.Build.0 = Release|iPhone
		{51AAB6E0-76DB-4680-A599-61A6DC0DF927}.Release|iPhone.Deploy.0 = Release|iPhone
		{51AAB6E0-76DB-4680-A599-61A6DC0DF927}.Release|iPhoneSimulator.ActiveCfg = Release|iPhoneSimulator
		{51AAB6E0-76DB-4680-A599-61A6DC0DF927}.Release|iPhoneSimulator.Build.0 = Release|iPhoneSimulator
		{51AAB6E0-76DB-4680-A599-61A6DC0DF927}.Release|iPhoneSimulator.Deploy.0 = Release|iPhoneSimulator
		{F7D8A615-1033-42FA-A7F2-32B958F9DD86}.Ad-Hoc|Any CPU.ActiveCfg = Debug|Any CPU
		{F7D8A615-1033-42FA-A7F2-32B958F9DD86}.Ad-Hoc|Any CPU.Build.0 = Debug|Any CPU
		{F7D8A615-1033-42FA-A7F2-32B958F9DD86}.Ad-Hoc|Any CPU.Deploy.0 = Debug|Any CPU
		{F7D8A615-1033-42FA-A7F2-32B958F9DD86}.Ad-Hoc|iPhone.ActiveCfg = Debug|Any CPU
		{F7D8A615-1033-42FA-A7F2-32B958F9DD86}.Ad-Hoc|iPhone.Build.0 = Debug|Any CPU
		{F7D8A615-1033-42FA-A7F2-32B958F9DD86}.Ad-Hoc|iPhone.Deploy.0 = Debug|Any CPU
		{F7D8A615-1033-42FA-A7F2-32B958F9DD86}.Ad-Hoc|iPhoneSimulator.ActiveCfg = Debug|Any CPU
		{F7D8A615-1033-42FA-A7F2-32B958F9DD86}.Ad-Hoc|iPhoneSimulator.Build.0 = Debug|Any CPU
		{F7D8A615-1033-42FA-A7F2-32B958F9DD86}.Ad-Hoc|iPhoneSimulator.Deploy.0 = Debug|Any CPU
		{F7D8A615-1033-42FA-A7F2-32B958F9DD86}.AppStore|Any CPU.ActiveCfg = Debug|Any CPU
		{F7D8A615-1033-42FA-A7F2-32B958F9DD86}.AppStore|Any CPU.Build.0 = Debug|Any CPU
		{F7D8A615-1033-42FA-A7F2-32B958F9DD86}.AppStore|Any CPU.Deploy.0 = Debug|Any CPU
		{F7D8A615-1033-42FA-A7F2-32B958F9DD86}.AppStore|iPhone.ActiveCfg = Debug|Any CPU
		{F7D8A615-1033-42FA-A7F2-32B958F9DD86}.AppStore|iPhone.Build.0 = Debug|Any CPU
		{F7D8A615-1033-42FA-A7F2-32B958F9DD86}.AppStore|iPhone.Deploy.0 = Debug|Any CPU
		{F7D8A615-1033-42FA-A7F2-32B958F9DD86}.AppStore|iPhoneSimulator.ActiveCfg = Debug|Any CPU
		{F7D8A615-1033-42FA-A7F2-32B958F9DD86}.AppStore|iPhoneSimulator.Build.0 = Debug|Any CPU
		{F7D8A615-1033-42FA-A7F2-32B958F9DD86}.AppStore|iPhoneSimulator.Deploy.0 = Debug|Any CPU
		{F7D8A615-1033-42FA-A7F2-32B958F9DD86}.Debug|Any CPU.ActiveCfg = Debug|Any CPU
		{F7D8A615-1033-42FA-A7F2-32B958F9DD86}.Debug|Any CPU.Build.0 = Debug|Any CPU
		{F7D8A615-1033-42FA-A7F2-32B958F9DD86}.Debug|Any CPU.Deploy.0 = Debug|Any CPU
		{F7D8A615-1033-42FA-A7F2-32B958F9DD86}.Debug|iPhone.ActiveCfg = Debug|Any CPU
		{F7D8A615-1033-42FA-A7F2-32B958F9DD86}.Debug|iPhone.Build.0 = Debug|Any CPU
		{F7D8A615-1033-42FA-A7F2-32B958F9DD86}.Debug|iPhone.Deploy.0 = Debug|Any CPU
		{F7D8A615-1033-42FA-A7F2-32B958F9DD86}.Debug|iPhoneSimulator.ActiveCfg = Debug|Any CPU
		{F7D8A615-1033-42FA-A7F2-32B958F9DD86}.Debug|iPhoneSimulator.Build.0 = Debug|Any CPU
		{F7D8A615-1033-42FA-A7F2-32B958F9DD86}.Debug|iPhoneSimulator.Deploy.0 = Debug|Any CPU
		{F7D8A615-1033-42FA-A7F2-32B958F9DD86}.Release|Any CPU.ActiveCfg = Release|Any CPU
		{F7D8A615-1033-42FA-A7F2-32B958F9DD86}.Release|Any CPU.Build.0 = Release|Any CPU
		{F7D8A615-1033-42FA-A7F2-32B958F9DD86}.Release|Any CPU.Deploy.0 = Release|Any CPU
		{F7D8A615-1033-42FA-A7F2-32B958F9DD86}.Release|iPhone.ActiveCfg = Release|Any CPU
		{F7D8A615-1033-42FA-A7F2-32B958F9DD86}.Release|iPhone.Build.0 = Release|Any CPU
		{F7D8A615-1033-42FA-A7F2-32B958F9DD86}.Release|iPhone.Deploy.0 = Release|Any CPU
		{F7D8A615-1033-42FA-A7F2-32B958F9DD86}.Release|iPhoneSimulator.ActiveCfg = Release|Any CPU
		{F7D8A615-1033-42FA-A7F2-32B958F9DD86}.Release|iPhoneSimulator.Build.0 = Release|Any CPU
		{F7D8A615-1033-42FA-A7F2-32B958F9DD86}.Release|iPhoneSimulator.Deploy.0 = Release|Any CPU
	EndGlobalSection
	GlobalSection(SolutionProperties) = preSolution
		HideSolutionNode = FALSE
	EndGlobalSection
	GlobalSection(ExtensibilityGlobals) = postSolution
		SolutionGuid = {14A4122C-F511-4D38-9132-DF68BCB6F8D7}
	EndGlobalSection
EndGlobal
